github.com/vinhpham2106/aoc25golang/utils v0.0.0-20251202071952-11fbce74fe59 h1:ABcr3pn1oXImyWRBmeeDDa2i4Jb0E5vZZqBBwB9EYbc=
github.com/vinhpham2106/aoc25golang/utils v0.0.0-20251202071952-11fbce74fe59/go.mod h1:jLkS+RFvPdJk1x6aJy9U494b64dkjE6z2LIpafRN5lE=
github.com/joho/godotenv v1.5.1 h1:7eLL/+HRGLY0ldzfGMeQkb7vMd0as4CfYvUVzLqw0N0=
github.com/joho/godotenv v1.5.1/go.mod h1:f4LDr5Voq0i2e/R5DDNOoa2zzDfwtkZa6DnEwAbqwq4=
